{
  "name": "wechat",
  "version": "1.0.0",
  "lockfileVersion": 1,
  "requires": true,
  "dependencies": {
    "jwt-decode": {
      "version": "3.0.0-beta.2",
      "resolved": "https://registry.npmjs.org/jwt-decode/-/jwt-decode-3.0.0-beta.2.tgz",
      "integrity": "sha512-AnENY5syz7PzgpTzos9sxkqKTmHU0JeJOXZFHUc41bDyybC2yzZ+1r43ZLhk7+JCwF0yjISPuVK9ZWfA1nCUPA=="
    }
  }
}
